
Microsoft Visual Studio Solution File, Format Version 12.00
# Visual Studio Version 16
VisualStudioVersion = 16.0.31729.503
MinimumVisualStudioVersion = 10.0.40219.1
Project("{FAE04EC0-301F-11D3-BF4B-00C04F79EFBC}") = "Lab23", "Lab23\Lab23.csproj", "{477896CF-3FE6-46BD-AD27-B70BD95BA2C2}"
EndProject
Global
	GlobalSection(SolutionConfigurationPlatforms) = preSolution
		Debug|Any CPU = Debug|Any CPU
		Release|Any CPU = Release|Any CPU
	EndGlobalSection
	GlobalSection(ProjectConfigurationPlatforms) = postSolution
		{477896CF-3FE6-46BD-AD27-B70BD95BA2C2}.Debug|Any CPU.ActiveCfg = Debug|Any CPU
		{477896CF-3FE6-46BD-AD27-B70BD95BA2C2}.Debug|Any CPU.Build.0 = Debug|Any CPU
		{477896CF-3FE6-46BD-AD27-B70BD95BA2C2}.Release|Any CPU.ActiveCfg = Release|Any CPU
		{477896CF-3FE6-46BD-AD27-B70BD95BA2C2}.Release|Any CPU.Build.0 = Release|Any CPU
	EndGlobalSection
	GlobalSection(SolutionProperties) = preSolution
		HideSolutionNode = FALSE
	EndGlobalSection
	GlobalSection(ExtensibilityGlobals) = postSolution
		SolutionGuid = {AA1B78EB-752A-46F9-B674-242123050849}
	EndGlobalSection
EndGlobal
